
Microsoft Visual Studio Solution File, Format Version 10.00
# Visual Studio 2008
Project("{FAE04EC0-301F-11D3-BF4B-00C04F79EFBC}") = "TrueVisionFramework3.5", "TrueVisionFramework3.5.csproj", "{69990345-99CD-488A-867B-404D9565BAC8}"
EndProject
Global
	GlobalSection(SolutionConfigurationPlatforms) = preSolution
		Debug|Any CPU = Debug|Any CPU
		Release|Any CPU = Release|Any CPU
	EndGlobalSection
	GlobalSection(ProjectConfigurationPlatforms) = postSolution
		{69990345-99CD-488A-867B-404D9565BAC8}.Debug|Any CPU.ActiveCfg = Debug|Any CPU
		{69990345-99CD-488A-867B-404D9565BAC8}.Debug|Any CPU.Build.0 = Debug|Any CPU
		{69990345-99CD-488A-867B-404D9565BAC8}.Release|Any CPU.ActiveCfg = Release|Any CPU
		{69990345-99CD-488A-867B-404D9565BAC8}.Release|Any CPU.Build.0 = Release|Any CPU
	EndGlobalSection
	GlobalSection(SolutionProperties) = preSolution
		HideSolutionNode = FALSE
	EndGlobalSection
EndGlobal
